
Microsoft Visual Studio Solution File, Format Version 12.00
# Visual Studio 15
VisualStudioVersion = 15.0.27130.2027
MinimumVisualStudioVersion = 10.0.40219.1
Project("{FAE04EC0-301F-11D3-BF4B-00C04F79EFBC}") = "ReindeerTracker.Android", "ReindeerTracker\ReindeerTracker.Android\ReindeerTracker.Android.csproj", "{811374C1-72AB-46A8-802B-D5A563D8750A}"
EndProject
Project("{FAE04EC0-301F-11D3-BF4B-00C04F79EFBC}") = "ReindeerTracker.iOS", "ReindeerTracker\ReindeerTracker.iOS\ReindeerTracker.iOS.csproj", "{2B96823F-0A93-42F8-B503-2399802D523D}"
EndProject
Project("{D954291E-2A0B-460D-934E-DC6B0785DB48}") = "ReindeerTracker", "ReindeerTracker\ReindeerTracker\ReindeerTracker.shproj", "{EA77FCA6-95A9-4189-9697-BC20D425B8B2}"
EndProject
Global
	GlobalSection(SharedMSBuildProjectFiles) = preSolution
		ReindeerTracker\ReindeerTracker\ReindeerTracker.projitems*{2b96823f-0a93-42f8-b503-2399802d523d}*SharedItemsImports = 4
		ReindeerTracker\ReindeerTracker\ReindeerTracker.projitems*{811374c1-72ab-46a8-802b-d5a563d8750a}*SharedItemsImports = 4
		ReindeerTracker\ReindeerTracker\ReindeerTracker.projitems*{ea77fca6-95a9-4189-9697-bc20d425b8b2}*SharedItemsImports = 13
	EndGlobalSection
	GlobalSection(SolutionConfigurationPlatforms) = preSolution
		Ad-Hoc|Any CPU = Ad-Hoc|Any CPU
		Ad-Hoc|iPhone = Ad-Hoc|iPhone
		Ad-Hoc|iPhoneSimulator = Ad-Hoc|iPhoneSimulator
		AppStore|Any CPU = AppStore|Any CPU
		AppStore|iPhone = AppStore|iPhone
		AppStore|iPhoneSimulator = AppStore|iPhoneSimulator
		Debug|Any CPU = Debug|Any CPU
		Debug|iPhone = Debug|iPhone
		Debug|iPhoneSimulator = Debug|iPhoneSimulator
		Release|Any CPU = Release|Any CPU
		Release|iPhone = Release|iPhone
		Release|iPhoneSimulator = Release|iPhoneSimulator
	EndGlobalSection
	GlobalSection(ProjectConfigurationPlatforms) = postSolution
		{811374C1-72AB-46A8-802B-D5A563D8750A}.Ad-Hoc|Any CPU.ActiveCfg = Release|Any CPU
		{811374C1-72AB-46A8-802B-D5A563D8750A}.Ad-Hoc|Any CPU.Build.0 = Release|Any CPU
		{811374C1-72AB-46A8-802B-D5A563D8750A}.Ad-Hoc|Any CPU.Deploy.0 = Release|Any CPU
		{811374C1-72AB-46A8-802B-D5A563D8750A}.Ad-Hoc|iPhone.ActiveCfg = Release|Any CPU
		{811374C1-72AB-46A8-802B-D5A563D8750A}.Ad-Hoc|iPhone.Build.0 = Release|Any CPU
		{811374C1-72AB-46A8-802B-D5A563D8750A}.Ad-Hoc|iPhone.Deploy.0 = Release|Any CPU
		{811374C1-72AB-46A8-802B-D5A563D8750A}.Ad-Hoc|iPhoneSimulator.ActiveCfg = Release|Any CPU
		{811374C1-72AB-46A8-802B-D5A563D8750A}.Ad-Hoc|iPhoneSimulator.Build.0 = Release|Any CPU
		{811374C1-72AB-46A8-802B-D5A563D8750A}.Ad-Hoc|iPhoneSimulator.Deploy.0 = Release|Any CPU
		{811374C1-72AB-46A8-802B-D5A563D8750A}.AppStore|Any CPU.ActiveCfg = Release|Any CPU
		{811374C1-72AB-46A8-802B-D5A563D8750A}.AppStore|Any CPU.Build.0 = Release|Any CPU
		{811374C1-72AB-46A8-802B-D5A563D8750A}.AppStore|Any CPU.Deploy.0 = Release|Any CPU
		{811374C1-72AB-46A8-802B-D5A563D8750A}.AppStore|iPhone.ActiveCfg = Release|Any CPU
		{811374C1-72AB-46A8-802B-D5A563D8750A}.AppStore|iPhone.Build.0 = Release|Any CPU
		{811374C1-72AB-46A8-802B-D5A563D8750A}.AppStore|iPhone.Deploy.0 = Release|Any CPU
		{811374C1-72AB-46A8-802B-D5A563D8750A}.AppStore|iPhoneSimulator.ActiveCfg = Release|Any CPU
		{811374C1-72AB-46A8-802B-D5A563D8750A}.AppStore|iPhoneSimulator.Build.0 = Release|Any CPU
		{811374C1-72AB-46A8-802B-D5A563D8750A}.AppStore|iPhoneSimulator.Deploy.0 = Release|Any CPU
		{811374C1-72AB-46A8-802B-D5A563D8750A}.Debug|Any CPU.ActiveCfg = Debug|Any CPU
		{811374C1-72AB-46A8-802B-D5A563D8750A}.Debug|Any CPU.Build.0 = Debug|Any CPU
		{811374C1-72AB-46A8-802B-D5A563D8750A}.Debug|Any CPU.Deploy.0 = Debug|Any CPU
		{811374C1-72AB-46A8-802B-D5A563D8750A}.Debug|iPhone.ActiveCfg = Debug|Any CPU
		{811374C1-72AB-46A8-802B-D5A563D8750A}.Debug|iPhone.Build.0 = Debug|Any CPU
		{811374C1-72AB-46A8-802B-D5A563D8750A}.Debug|iPhone.Deploy.0 = Debug|Any CPU
		{811374C1-72AB-46A8-802B-D5A563D8750A}.Debug|iPhoneSimulator.ActiveCfg = Debug|Any CPU
		{811374C1-72AB-46A8-802B-D5A563D8750A}.Debug|iPhoneSimulator.Build.0 = Debug|Any CPU
		{811374C1-72AB-46A8-802B-D5A563D8750A}.Debug|iPhoneSimulator.Deploy.0 = Debug|Any CPU
		{811374C1-72AB-46A8-802B-D5A563D8750A}.Release|Any CPU.ActiveCfg = Release|Any CPU
		{811374C1-72AB-46A8-802B-D5A563D8750A}.Release|Any CPU.Build.0 = Release|Any CPU
		{811374C1-72AB-46A8-802B-D5A563D8750A}.Release|Any CPU.Deploy.0 = Release|Any CPU
		{811374C1-72AB-46A8-802B-D5A563D8750A}.Release|iPhone.ActiveCfg = Release|Any CPU
		{811374C1-72AB-46A8-802B-D5A563D8750A}.Release|iPhone.Build.0 = Release|Any CPU
		{811374C1-72AB-46A8-802B-D5A563D8750A}.Release|iPhone.Deploy.0 = Release|Any CPU
		{811374C1-72AB-46A8-802B-D5A563D8750A}.Release|iPhoneSimulator.ActiveCfg = Release|Any CPU
		{811374C1-72AB-46A8-802B-D5A563D8750A}.Release|iPhoneSimulator.Build.0 = Release|Any CPU
		{811374C1-72AB-46A8-802B-D5A563D8750A}.Release|iPhoneSimulator.Deploy.0 = Release|Any CPU
		{2B96823F-0A93-42F8-B503-2399802D523D}.Ad-Hoc|Any CPU.ActiveCfg = Ad-Hoc|iPhone
		{2B96823F-0A93-42F8-B503-2399802D523D}.Ad-Hoc|iPhone.ActiveCfg = Ad-Hoc|iPhone
		{2B96823F-0A93-42F8-B503-2399802D523D}.Ad-Hoc|iPhone.Build.0 = Ad-Hoc|iPhone
		{2B96823F-0A93-42F8-B503-2399802D523D}.Ad-Hoc|iPhoneSimulator.ActiveCfg = Ad-Hoc|iPhoneSimulator
		{2B96823F-0A93-42F8-B503-2399802D523D}.Ad-Hoc|iPhoneSimulator.Build.0 = Ad-Hoc|iPhoneSimulator
		{2B96823F-0A93-42F8-B503-2399802D523D}.AppStore|Any CPU.ActiveCfg = AppStore|iPhone
		{2B96823F-0A93-42F8-B503-2399802D523D}.AppStore|iPhone.ActiveCfg = AppStore|iPhone
		{2B96823F-0A93-42F8-B503-2399802D523D}.AppStore|iPhone.Build.0 = AppStore|iPhone
		{2B96823F-0A93-42F8-B503-2399802D523D}.AppStore|iPhoneSimulator.ActiveCfg = AppStore|iPhoneSimulator
		{2B96823F-0A93-42F8-B503-2399802D523D}.AppStore|iPhoneSimulator.Build.0 = AppStore|iPhoneSimulator
		{2B96823F-0A93-42F8-B503-2399802D523D}.Debug|Any CPU.ActiveCfg = Debug|iPhone
		{2B96823F-0A93-42F8-B503-2399802D523D}.Debug|iPhone.ActiveCfg = Debug|iPhone
		{2B96823F-0A93-42F8-B503-2399802D523D}.Debug|iPhone.Build.0 = Debug|iPhone
		{2B96823F-0A93-42F8-B503-2399802D523D}.Debug|iPhoneSimulator.ActiveCfg = Debug|iPhoneSimulator
		{2B96823F-0A93-42F8-B503-2399802D523D}.Debug|iPhoneSimulator.Build.0 = Debug|iPhoneSimulator
		{2B96823F-0A93-42F8-B503-2399802D523D}.Release|Any CPU.ActiveCfg = Release|iPhone
		{2B96823F-0A93-42F8-B503-2399802D523D}.Release|iPhone.ActiveCfg = Release|iPhone
		{2B96823F-0A93-42F8-B503-2399802D523D}.Release|iPhone.Build.0 = Release|iPhone
		{2B96823F-0A93-42F8-B503-2399802D523D}.Release|iPhoneSimulator.ActiveCfg = Release|iPhoneSimulator
		{2B96823F-0A93-42F8-B503-2399802D523D}.Release|iPhoneSimulator.Build.0 = Release|iPhoneSimulator
	EndGlobalSection
	GlobalSection(SolutionProperties) = preSolution
		HideSolutionNode = FALSE
	EndGlobalSection
	GlobalSection(ExtensibilityGlobals) = postSolution
		SolutionGuid = {AA50BF94-D95B-4F0C-B39D-0D9E42363A3E}
	EndGlobalSection
EndGlobal
